
Microsoft Visual Studio Solution File, Format Version 12.00
# Visual Studio 14
VisualStudioVersion = 14.0.24720.0
MinimumVisualStudioVersion = 10.0.40219.1
Project("{FAE04EC0-301F-11D3-BF4B-00C04F79EFBC}") = "YuGiOhCardCreator", "YuGiOhCardCreator\YuGiOhCardCreator.csproj", "{36C0BDD1-0A43-457B-B7A1-B4B31F4DD1D3}"
EndProject
Project("{FAE04EC0-301F-11D3-BF4B-00C04F79EFBC}") = "TKControls", "TKControls\TKControls.csproj", "{6C258D5D-0E0F-4A5D-A27F-3CD9399B5019}"
EndProject
Global
	GlobalSection(SolutionConfigurationPlatforms) = preSolution
		Debug|Any CPU = Debug|Any CPU
		Release|Any CPU = Release|Any CPU
	EndGlobalSection
	GlobalSection(ProjectConfigurationPlatforms) = postSolution
		{36C0BDD1-0A43-457B-B7A1-B4B31F4DD1D3}.Debug|Any CPU.ActiveCfg = Debug|Any CPU
		{36C0BDD1-0A43-457B-B7A1-B4B31F4DD1D3}.Debug|Any CPU.Build.0 = Debug|Any CPU
		{36C0BDD1-0A43-457B-B7A1-B4B31F4DD1D3}.Release|Any CPU.ActiveCfg = Release|Any CPU
		{36C0BDD1-0A43-457B-B7A1-B4B31F4DD1D3}.Release|Any CPU.Build.0 = Release|Any CPU
		{6C258D5D-0E0F-4A5D-A27F-3CD9399B5019}.Debug|Any CPU.ActiveCfg = Debug|Any CPU
		{6C258D5D-0E0F-4A5D-A27F-3CD9399B5019}.Debug|Any CPU.Build.0 = Debug|Any CPU
		{6C258D5D-0E0F-4A5D-A27F-3CD9399B5019}.Release|Any CPU.ActiveCfg = Release|Any CPU
		{6C258D5D-0E0F-4A5D-A27F-3CD9399B5019}.Release|Any CPU.Build.0 = Release|Any CPU
	EndGlobalSection
	GlobalSection(SolutionProperties) = preSolution
		HideSolutionNode = FALSE
	EndGlobalSection
EndGlobal
