
Microsoft Visual Studio Solution File, Format Version 12.00
# Visual Studio 14
VisualStudioVersion = 14.0.24720.0
MinimumVisualStudioVersion = 10.0.40219.1
Project("{FAE04EC0-301F-11D3-BF4B-00C04F79EFBC}") = "TestHelper", "TestHelper\TestHelper.csproj", "{588D2E5C-FBC8-44AE-8798-FBBADC7273A9}"
EndProject
Project("{FAE04EC0-301F-11D3-BF4B-00C04F79EFBC}") = "TextAnimation", "TextAnimation\TextAnimation.csproj", "{422087A6-751F-48D2-8DCF-C32C02B46DF0}"
EndProject
Global
	GlobalSection(SolutionConfigurationPlatforms) = preSolution
		Debug|Any CPU = Debug|Any CPU
		Release|Any CPU = Release|Any CPU
	EndGlobalSection
	GlobalSection(ProjectConfigurationPlatforms) = postSolution
		{588D2E5C-FBC8-44AE-8798-FBBADC7273A9}.Debug|Any CPU.ActiveCfg = Debug|Any CPU
		{588D2E5C-FBC8-44AE-8798-FBBADC7273A9}.Debug|Any CPU.Build.0 = Debug|Any CPU
		{588D2E5C-FBC8-44AE-8798-FBBADC7273A9}.Release|Any CPU.ActiveCfg = Release|Any CPU
		{588D2E5C-FBC8-44AE-8798-FBBADC7273A9}.Release|Any CPU.Build.0 = Release|Any CPU
		{422087A6-751F-48D2-8DCF-C32C02B46DF0}.Debug|Any CPU.ActiveCfg = Debug|Any CPU
		{422087A6-751F-48D2-8DCF-C32C02B46DF0}.Debug|Any CPU.Build.0 = Debug|Any CPU
		{422087A6-751F-48D2-8DCF-C32C02B46DF0}.Release|Any CPU.ActiveCfg = Release|Any CPU
		{422087A6-751F-48D2-8DCF-C32C02B46DF0}.Release|Any CPU.Build.0 = Release|Any CPU
	EndGlobalSection
	GlobalSection(SolutionProperties) = preSolution
		HideSolutionNode = FALSE
	EndGlobalSection
EndGlobal
